
Microsoft Visual Studio Solution File, Format Version 12.00
# Visual Studio Version 17
VisualStudioVersion = 17.0.32112.339
MinimumVisualStudioVersion = 10.0.40219.1
Project("{9A19103F-16F7-4668-BE54-9A1E7A4F7556}") = "LExpress.Api", "LExpress.Api\LExpress.Api.csproj", "{80B6190D-F1F6-407C-A2A4-AA1537E1B5BC}"
	ProjectSection(ProjectDependencies) = postProject
		{69082C0A-6A91-4359-9DB3-D6F15E1027AD} = {69082C0A-6A91-4359-9DB3-D6F15E1027AD}
	EndProjectSection
EndProject
Project("{FAE04EC0-301F-11D3-BF4B-00C04F79EFBC}") = "Core", "Core\Core.csproj", "{3335AD7B-5066-4EB7-A0F6-58A0BB24A08C}"
EndProject
Project("{FAE04EC0-301F-11D3-BF4B-00C04F79EFBC}") = "Infrastructure", "Infrastructure\Infrastructure.csproj", "{69082C0A-6A91-4359-9DB3-D6F15E1027AD}"
	ProjectSection(ProjectDependencies) = postProject
		{3335AD7B-5066-4EB7-A0F6-58A0BB24A08C} = {3335AD7B-5066-4EB7-A0F6-58A0BB24A08C}
	EndProjectSection
EndProject
Global
	GlobalSection(SolutionConfigurationPlatforms) = preSolution
		Debug|Any CPU = Debug|Any CPU
		Release|Any CPU = Release|Any CPU
	EndGlobalSection
	GlobalSection(ProjectConfigurationPlatforms) = postSolution
		{80B6190D-F1F6-407C-A2A4-AA1537E1B5BC}.Debug|Any CPU.ActiveCfg = Debug|Any CPU
		{80B6190D-F1F6-407C-A2A4-AA1537E1B5BC}.Debug|Any CPU.Build.0 = Debug|Any CPU
		{80B6190D-F1F6-407C-A2A4-AA1537E1B5BC}.Release|Any CPU.ActiveCfg = Release|Any CPU
		{80B6190D-F1F6-407C-A2A4-AA1537E1B5BC}.Release|Any CPU.Build.0 = Release|Any CPU
		{3335AD7B-5066-4EB7-A0F6-58A0BB24A08C}.Debug|Any CPU.ActiveCfg = Debug|Any CPU
		{3335AD7B-5066-4EB7-A0F6-58A0BB24A08C}.Debug|Any CPU.Build.0 = Debug|Any CPU
		{3335AD7B-5066-4EB7-A0F6-58A0BB24A08C}.Release|Any CPU.ActiveCfg = Release|Any CPU
		{3335AD7B-5066-4EB7-A0F6-58A0BB24A08C}.Release|Any CPU.Build.0 = Release|Any CPU
		{69082C0A-6A91-4359-9DB3-D6F15E1027AD}.Debug|Any CPU.ActiveCfg = Debug|Any CPU
		{69082C0A-6A91-4359-9DB3-D6F15E1027AD}.Debug|Any CPU.Build.0 = Debug|Any CPU
		{69082C0A-6A91-4359-9DB3-D6F15E1027AD}.Release|Any CPU.ActiveCfg = Release|Any CPU
		{69082C0A-6A91-4359-9DB3-D6F15E1027AD}.Release|Any CPU.Build.0 = Release|Any CPU
	EndGlobalSection
	GlobalSection(SolutionProperties) = preSolution
		HideSolutionNode = FALSE
	EndGlobalSection
	GlobalSection(ExtensibilityGlobals) = postSolution
		SolutionGuid = {6A043A3C-F484-413C-9CE0-A51D472E6CF1}
	EndGlobalSection
EndGlobal
